
Microsoft Visual Studio Solution File, Format Version 12.00
# Visual Studio Version 17
VisualStudioVersion = 17.0.31903.59
MinimumVisualStudioVersion = 10.0.40219.1
Project("{FAE04EC0-301F-11D3-BF4B-00C04F79EFBC}") = "homework6_17.Web", "homework6_17.Web\homework6_17.Web.csproj", "{D0F97AF8-2393-446A-8850-ABF67C4A6F9E}"
EndProject
Project("{FAE04EC0-301F-11D3-BF4B-00C04F79EFBC}") = "homework6_17.Data", "homework6_17.Data\homework6_17.Data.csproj", "{67F8499E-3CD6-4325-A00B-CE4898AE8FB7}"
EndProject
Global
	GlobalSection(SolutionConfigurationPlatforms) = preSolution
		Debug|Any CPU = Debug|Any CPU
		Release|Any CPU = Release|Any CPU
	EndGlobalSection
	GlobalSection(SolutionProperties) = preSolution
		HideSolutionNode = FALSE
	EndGlobalSection
	GlobalSection(ProjectConfigurationPlatforms) = postSolution
		{D0F97AF8-2393-446A-8850-ABF67C4A6F9E}.Debug|Any CPU.ActiveCfg = Debug|Any CPU
		{D0F97AF8-2393-446A-8850-ABF67C4A6F9E}.Debug|Any CPU.Build.0 = Debug|Any CPU
		{D0F97AF8-2393-446A-8850-ABF67C4A6F9E}.Release|Any CPU.ActiveCfg = Release|Any CPU
		{D0F97AF8-2393-446A-8850-ABF67C4A6F9E}.Release|Any CPU.Build.0 = Release|Any CPU
		{67F8499E-3CD6-4325-A00B-CE4898AE8FB7}.Debug|Any CPU.ActiveCfg = Debug|Any CPU
		{67F8499E-3CD6-4325-A00B-CE4898AE8FB7}.Debug|Any CPU.Build.0 = Debug|Any CPU
		{67F8499E-3CD6-4325-A00B-CE4898AE8FB7}.Release|Any CPU.ActiveCfg = Release|Any CPU
		{67F8499E-3CD6-4325-A00B-CE4898AE8FB7}.Release|Any CPU.Build.0 = Release|Any CPU
	EndGlobalSection
EndGlobal
